
Microsoft Visual Studio Solution File, Format Version 12.00
# Visual Studio Version 17
VisualStudioVersion = 17.0.31912.275
MinimumVisualStudioVersion = 10.0.40219.1
Project("{FAE04EC0-301F-11D3-BF4B-00C04F79EFBC}") = "BulkyBookWebCore", "BulkyBookWebCore\BulkyBookWebCore.csproj", "{81B64F3C-6936-4727-9974-44B5F4775E93}"
EndProject
Global
	GlobalSection(SolutionConfigurationPlatforms) = preSolution
		Debug|Any CPU = Debug|Any CPU
		Release|Any CPU = Release|Any CPU
	EndGlobalSection
	GlobalSection(ProjectConfigurationPlatforms) = postSolution
		{81B64F3C-6936-4727-9974-44B5F4775E93}.Debug|Any CPU.ActiveCfg = Debug|Any CPU
		{81B64F3C-6936-4727-9974-44B5F4775E93}.Debug|Any CPU.Build.0 = Debug|Any CPU
		{81B64F3C-6936-4727-9974-44B5F4775E93}.Release|Any CPU.ActiveCfg = Release|Any CPU
		{81B64F3C-6936-4727-9974-44B5F4775E93}.Release|Any CPU.Build.0 = Release|Any CPU
	EndGlobalSection
	GlobalSection(SolutionProperties) = preSolution
		HideSolutionNode = FALSE
	EndGlobalSection
	GlobalSection(ExtensibilityGlobals) = postSolution
		SolutionGuid = {575D96CE-C6CF-4FFB-B698-B74B107D20AE}
	EndGlobalSection
EndGlobal
